<?xml version="1.0" encoding="utf-8"?>
<Project ToolsVersion="4.0" xmlns="http://schemas.microsoft.com/developer/msbuild/2003">
  <ItemGroup>
    <ClCompile Include="main.cpp" />
    <ClCompile Include="memory/memory.cpp">
      <Filter>memory</Filter>
    </ClCompile>
    <ClCompile Include="memory/memory.h">
      <Filter>memory</Filter>
    </ClCompile>
    <ClCompile Include="sdk\sdk.cpp">
      <Filter>sdk</Filter>
    </ClCompile>
  </ItemGroup>
  <ItemGroup>
    <Filter Include="memory">
      <UniqueIdentifier>{85124d0f-438c-4a38-9d6f-10884391a074}</UniqueIdentifier>
    </Filter>
    <Filter Include="sdk">
      <UniqueIdentifier>{653efcba-3f27-4b36-8184-973dc0b8b38c}</UniqueIdentifier>
    </Filter>
  </ItemGroup>
  <ItemGroup>
    <ClInclude Include="sdk\offsets.hpp">
      <Filter>sdk</Filter>
    </ClInclude>
    <ClInclude Include="sdk\sdk.h">
      <Filter>sdk</Filter>
    </ClInclude>
    <ClInclude Include="sdk\matrix.h">
      <Filter>sdk</Filter>
    </ClInclude>
  </ItemGroup>
</Project>